// !$*UTF8*$!
{
	archiveVersion = 1;
	classes = {
	};
	objectVersion = 77;
	objects = {

/* Begin PBXContainerItemProxy section */
		186251B52CA9B82E00E63121 /* PBXContainerItemProxy */ = {
			isa = PBXContainerItemProxy;
			containerPortal = 1862519C2CA9B82C00E63121 /* Project object */;
			proxyType = 1;
			remoteGlobalIDString = 186251A32CA9B82C00E63121;
			remoteInfo = AahaCMS;
		};
		186251BF2CA9B82E00E63121 /* PBXContainerItemProxy */ = {
			isa = PBXContainerItemProxy;
			containerPortal = 1862519C2CA9B82C00E63121 /* Project object */;
			proxyType = 1;
			remoteGlobalIDString = 186251A32CA9B82C00E63121;
			remoteInfo = AahaCMS;
		};
/* End PBXContainerItemProxy section */

/* Begin PBXFileReference section */
		186251A42CA9B82C00E63121 /* AahaCMS.app */ = {isa = PBXFileReference; explicitFileType = wrapper.application; includeInIndex = 0; path = AahaCMS.app; sourceTree = BUILT_PRODUCTS_DIR; };
		186251B42CA9B82E00E63121 /* AahaCMSTests.xctest */ = {isa = PBXFileReference; explicitFileType = wrapper.cfbundle; includeInIndex = 0; path = AahaCMSTests.xctest; sourceTree = BUILT_PRODUCTS_DIR; };
		186251BE2CA9B82E00E63121 /* AahaCMSUITests.xctest */ = {isa = PBXFileReference; explicitFileType = wrapper.cfbundle; includeInIndex = 0; path = AahaCMSUITests.xctest; sourceTree = BUILT_PRODUCTS_DIR; };
/* End PBXFileReference section */

/* Begin PBXFileSystemSynchronizedRootGroup section */
		186251A62CA9B82C00E63121 /* AahaCMS */ = {
			isa = PBXFileSystemSynchronizedRootGroup;
			path = AahaCMS;
			sourceTree = "<group>";
		};
		186251B72CA9B82E00E63121 /* AahaCMSTests */ = {
			isa = PBXFileSystemSynchronizedRootGroup;
			path = AahaCMSTests;
			sourceTree = "<group>";
		};
		186251C12CA9B82E00E63121 /* AahaCMSUITests */ = {
			isa = PBXFileSystemSynchronizedRootGroup;
			path = AahaCMSUITests;
			sourceTree = "<group>";
		};
/* End PBXFileSystemSynchronizedRootGroup section */

/* Begin PBXFrameworksBuildPhase section */
		186251A12CA9B82C00E63121 /* Frameworks */ = {
			isa = PBXFrameworksBuildPhase;
			buildActionMask = 2147483647;
			files = (
			);
			runOnlyForDeploymentPostprocessing = 0;
		};
		186251B12CA9B82E00E63121 /* Frameworks */ = {
			isa = PBXFrameworksBuildPhase;
			buildActionMask = 2147483647;
			files = (
			);
			runOnlyForDeploymentPostprocessing = 0;
		};
		186251BB2CA9B82E00E63121 /* Frameworks */ = {
			isa = PBXFrameworksBuildPhase;
			buildActionMask = 2147483647;
			files = (
			);
			runOnlyForDeploymentPostprocessing = 0;
		};
/* End PBXFrameworksBuildPhase section */

/* Begin PBXGroup section */
		1862519B2CA9B82C00E63121 = {
			isa = PBXGroup;
			children = (
				186251A62CA9B82C00E63121 /* AahaCMS */,
				186251B72CA9B82E00E63121 /* AahaCMSTests */,
				186251C12CA9B82E00E63121 /* AahaCMSUITests */,
				186251A52CA9B82C00E63121 /* Products */,
			);
			sourceTree = "<group>";
		};
		186251A52CA9B82C00E63121 /* Products */ = {
			isa = PBXGroup;
			children = (
				186251A42CA9B82C00E63121 /* AahaCMS.app */,
				186251B42CA9B82E00E63121 /* AahaCMSTests.xctest */,
				186251BE2CA9B82E00E63121 /* AahaCMSUITests.xctest */,
			);
			name = Products;
			sourceTree = "<group>";
		};
/* End PBXGroup section */

/* Begin PBXNativeTarget section */
		186251A32CA9B82C00E63121 /* AahaCMS */ = {
			isa = PBXNativeTarget;
			buildConfigurationList = 186251C82CA9B82E00E63121 /* Build configuration list for PBXNativeTarget "AahaCMS" */;
			buildPhases = (
				186251A02CA9B82C00E63121 /* Sources */,
				186251A12CA9B82C00E63121 /* Frameworks */,
				186251A22CA9B82C00E63121 /* Resources */,
			);
			buildRules = (
			);
			dependencies = (
			);
			fileSystemSynchronizedGroups = (
				186251A62CA9B82C00E63121 /* AahaCMS */,
			);
			name = AahaCMS;
			packageProductDependencies = (
			);
			productName = AahaCMS;
			productReference = 186251A42CA9B82C00E63121 /* AahaCMS.app */;
			productType = "com.apple.product-type.application";
		};
		186251B32CA9B82E00E63121 /* AahaCMSTests */ = {
			isa = PBXNativeTarget;
			buildConfigurationList = 186251CB2CA9B82E00E63121 /* Build configuration list for PBXNativeTarget "AahaCMSTests" */;
			buildPhases = (
				186251B02CA9B82E00E63121 /* Sources */,
				186251B12CA9B82E00E63121 /* Frameworks */,
				186251B22CA9B82E00E63121 /* Resources */,
			);
			buildRules = (
			);
			dependencies = (
				186251B62CA9B82E00E63121 /* PBXTargetDependency */,
			);
			fileSystemSynchronizedGroups = (
				186251B72CA9B82E00E63121 /* AahaCMSTests */,
			);
			name = AahaCMSTests;
			packageProductDependencies = (
			);
			productName = AahaCMSTests;
			productReference = 186251B42CA9B82E00E63121 /* AahaCMSTests.xctest */;
			productType = "com.apple.product-type.bundle.unit-test";
		};
		186251BD2CA9B82E00E63121 /* AahaCMSUITests */ = {
			isa = PBXNativeTarget;
			buildConfigurationList = 186251CE2CA9B82E00E63121 /* Build configuration list for PBXNativeTarget "AahaCMSUITests" */;
			buildPhases = (
				186251BA2CA9B82E00E63121 /* Sources */,
				186251BB2CA9B82E00E63121 /* Frameworks */,
				186251BC2CA9B82E00E63121 /* Resources */,
			);
			buildRules = (
			);
			dependencies = (
				186251C02CA9B82E00E63121 /* PBXTargetDependency */,
			);
			fileSystemSynchronizedGroups = (
				186251C12CA9B82E00E63121 /* AahaCMSUITests */,
			);
			name = AahaCMSUITests;
			packageProductDependencies = (
			);
			productName = AahaCMSUITests;
			productReference = 186251BE2CA9B82E00E63121 /* AahaCMSUITests.xctest */;
			productType = "com.apple.product-type.bundle.ui-testing";
		};
/* End PBXNativeTarget section */

/* Begin PBXProject section */
		1862519C2CA9B82C00E63121 /* Project object */ = {
			isa = PBXProject;
			attributes = {
				BuildIndependentTargetsInParallel = 1;
				LastSwiftUpdateCheck = 1600;
				LastUpgradeCheck = 1600;
				TargetAttributes = {
					186251A32CA9B82C00E63121 = {
						CreatedOnToolsVersion = 16.0;
					};
					186251B32CA9B82E00E63121 = {
						CreatedOnToolsVersion = 16.0;
						TestTargetID = 186251A32CA9B82C00E63121;
					};
					186251BD2CA9B82E00E63121 = {
						CreatedOnToolsVersion = 16.0;
						TestTargetID = 186251A32CA9B82C00E63121;
					};
				};
			};
			buildConfigurationList = 1862519F2CA9B82C00E63121 /* Build configuration list for PBXProject "AahaCMS" */;
			developmentRegion = en;
			hasScannedForEncodings = 0;
			knownRegions = (
				en,
				Base,
			);
			mainGroup = 1862519B2CA9B82C00E63121;
			minimizedProjectReferenceProxies = 1;
			preferredProjectObjectVersion = 77;
			productRefGroup = 186251A52CA9B82C00E63121 /* Products */;
			projectDirPath = "";
			projectRoot = "";
			targets = (
				186251A32CA9B82C00E63121 /* AahaCMS */,
				186251B32CA9B82E00E63121 /* AahaCMSTests */,
				186251BD2CA9B82E00E63121 /* AahaCMSUITests */,
			);
		};
/* End PBXProject section */

/* Begin PBXResourcesBuildPhase section */
		186251A22CA9B82C00E63121 /* Resources */ = {
			isa = PBXResourcesBuildPhase;
			buildActionMask = 2147483647;
			files = (
			);
			runOnlyForDeploymentPostprocessing = 0;
		};
		186251B22CA9B82E00E63121 /* Resources */ = {
			isa = PBXResourcesBuildPhase;
			buildActionMask = 2147483647;
			files = (
			);
			runOnlyForDeploymentPostprocessing = 0;
		};
		186251BC2CA9B82E00E63121 /* Resources */ = {
			isa = PBXResourcesBuildPhase;
			buildActionMask = 2147483647;
			files = (
			);
			runOnlyForDeploymentPostprocessing = 0;
		};
/* End PBXResourcesBuildPhase section */

/* Begin PBXSourcesBuildPhase section */
		186251A02CA9B82C00E63121 /* Sources */ = {
			isa = PBXSourcesBuildPhase;
			buildActionMask = 2147483647;
			files = (
			);
			runOnlyForDeploymentPostprocessing = 0;
		};
		186251B02CA9B82E00E63121 /* Sources */ = {
			isa = PBXSourcesBuildPhase;
			buildActionMask = 2147483647;
			files = (
			);
			runOnlyForDeploymentPostprocessing = 0;
		};
		186251BA2CA9B82E00E63121 /* Sources */ = {
			isa = PBXSourcesBuildPhase;
			buildActionMask = 2147483647;
			files = (
			);
			runOnlyForDeploymentPostprocessing = 0;
		};
/* End PBXSourcesBuildPhase section */

/* Begin PBXTargetDependency section */
		186251B62CA9B82E00E63121 /* PBXTargetDependency */ = {
			isa = PBXTargetDependency;
			target = 186251A32CA9B82C00E63121 /* AahaCMS */;
			targetProxy = 186251B52CA9B82E00E63121 /* PBXContainerItemProxy */;
		};
		186251C02CA9B82E00E63121 /* PBXTargetDependency */ = {
			isa = PBXTargetDependency;
			target = 186251A32CA9B82C00E63121 /* AahaCMS */;
			targetProxy = 186251BF2CA9B82E00E63121 /* PBXContainerItemProxy */;
		};
/* End PBXTargetDependency section */

/* Begin XCBuildConfiguration section */
		186251C62CA9B82E00E63121 /* Debug */ = {
			isa = XCBuildConfiguration;
			buildSettings = {
				ALWAYS_SEARCH_USER_PATHS = NO;
				ASSETCATALOG_COMPILER_GENERATE_SWIFT_ASSET_SYMBOL_EXTENSIONS = YES;
				CLANG_ANALYZER_NONNULL = YES;
				CLANG_ANALYZER_NUMBER_OBJECT_CONVERSION = YES_AGGRESSIVE;
				CLANG_CXX_LANGUAGE_STANDARD = "gnu++20";
				CLANG_ENABLE_MODULES = YES;
				CLANG_ENABLE_OBJC_ARC = YES;
				CLANG_ENABLE_OBJC_WEAK = YES;
				CLANG_WARN_BLOCK_CAPTURE_AUTORELEASING = YES;
				CLANG_WARN_BOOL_CONVERSION = YES;
				CLANG_WARN_COMMA = YES;
				CLANG_WARN_CONSTANT_CONVERSION = YES;
				CLANG_WARN_DEPRECATED_OBJC_IMPLEMENTATIONS = YES;
				CLANG_WARN_DIRECT_OBJC_ISA_USAGE = YES_ERROR;
				CLANG_WARN_DOCUMENTATION_COMMENTS = YES;
				CLANG_WARN_EMPTY_BODY = YES;
				CLANG_WARN_ENUM_CONVERSION = YES;
				CLANG_WARN_INFINITE_RECURSION = YES;
				CLANG_WARN_INT_CONVERSION = YES;
				CLANG_WARN_NON_LITERAL_NULL_CONVERSION = YES;
				CLANG_WARN_OBJC_IMPLICIT_RETAIN_SELF = YES;
				CLANG_WARN_OBJC_LITERAL_CONVERSION = YES;
				CLANG_WARN_OBJC_ROOT_CLASS = YES_ERROR;
				CLANG_WARN_QUOTED_INCLUDE_IN_FRAMEWORK_HEADER = YES;
				CLANG_WARN_RANGE_LOOP_ANALYSIS = YES;
				CLANG_WARN_STRICT_PROTOTYPES = YES;
				CLANG_WARN_SUSPICIOUS_MOVE = YES;
				CLANG_WARN_UNGUARDED_AVAILABILITY = YES_AGGRESSIVE;
				CLANG_WARN_UNREACHABLE_CODE = YES;
				CLANG_WARN__DUPLICATE_METHOD_MATCH = YES;
				COPY_PHASE_STRIP = NO;
				DEBUG_INFORMATION_FORMAT = dwarf;
				ENABLE_STRICT_OBJC_MSGSEND = YES;
				ENABLE_TESTABILITY = YES;
				ENABLE_USER_SCRIPT_SANDBOXING = YES;
				GCC_C_LANGUAGE_STANDARD = gnu17;
				GCC_DYNAMIC_NO_PIC = NO;
				GCC_NO_COMMON_BLOCKS = YES;
				GCC_OPTIMIZATION_LEVEL = 0;
				GCC_PREPROCESSOR_DEFINITIONS = (
					"DEBUG=1",
					"$(inherited)",
				);
				GCC_WARN_64_TO_32_BIT_CONVERSION = YES;
				GCC_WARN_ABOUT_RETURN_TYPE = YES_ERROR;
				GCC_WARN_UNDECLARED_SELECTOR = YES;
				GCC_WARN_UNINITIALIZED_AUTOS = YES_AGGRESSIVE;
				GCC_WARN_UNUSED_FUNCTION = YES;
				GCC_WARN_UNUSED_VARIABLE = YES;
				IPHONEOS_DEPLOYMENT_TARGET = 18.0;
				LOCALIZATION_PREFERS_STRING_CATALOGS = YES;
				MTL_ENABLE_DEBUG_INFO = INCLUDE_SOURCE;
				MTL_FAST_MATH = YES;
				ONLY_ACTIVE_ARCH = YES;
				SDKROOT = iphoneos;
				SWIFT_ACTIVE_COMPILATION_CONDITIONS = "DEBUG $(inherited)";
				SWIFT_OPTIMIZATION_LEVEL = "-Onone";
			};
			name = Debug;
		};
		186251C72CA9B82E00E63121 /* Release */ = {
			isa = XCBuildConfiguration;
			buildSettings = {
				ALWAYS_SEARCH_USER_PATHS = NO;
				ASSETCATALOG_COMPILER_GENERATE_SWIFT_ASSET_SYMBOL_EXTENSIONS = YES;
				CLANG_ANALYZER_NONNULL = YES;
				CLANG_ANALYZER_NUMBER_OBJECT_CONVERSION = YES_AGGRESSIVE;
				CLANG_CXX_LANGUAGE_STANDARD = "gnu++20";
				CLANG_ENABLE_MODULES = YES;
				CLANG_ENABLE_OBJC_ARC = YES;
				CLANG_ENABLE_OBJC_WEAK = YES;
				CLANG_WARN_BLOCK_CAPTURE_AUTORELEASING = YES;
				CLANG_WARN_BOOL_CONVERSION = YES;
				CLANG_WARN_COMMA = YES;
				CLANG_WARN_CONSTANT_CONVERSION = YES;
				CLANG_WARN_DEPRECATED_OBJC_IMPLEMENTATIONS = YES;
				CLANG_WARN_DIRECT_OBJC_ISA_USAGE = YES_ERROR;
				CLANG_WARN_DOCUMENTATION_COMMENTS = YES;
				CLANG_WARN_EMPTY_BODY = YES;
				CLANG_WARN_ENUM_CONVERSION = YES;
				CLANG_WARN_INFINITE_RECURSION = YES;
				CLANG_WARN_INT_CONVERSION = YES;
				CLANG_WARN_NON_LITERAL_NULL_CONVERSION = YES;
				CLANG_WARN_OBJC_IMPLICIT_RETAIN_SELF = YES;
				CLANG_WARN_OBJC_LITERAL_CONVERSION = YES;
				CLANG_WARN_OBJC_ROOT_CLASS = YES_ERROR;
				CLANG_WARN_QUOTED_INCLUDE_IN_FRAMEWORK_HEADER = YES;
				CLANG_WARN_RANGE_LOOP_ANALYSIS = YES;
				CLANG_WARN_STRICT_PROTOTYPES = YES;
				CLANG_WARN_SUSPICIOUS_MOVE = YES;
				CLANG_WARN_UNGUARDED_AVAILABILITY = YES_AGGRESSIVE;
				CLANG_WARN_UNREACHABLE_CODE = YES;
				CLANG_WARN__DUPLICATE_METHOD_MATCH = YES;
				COPY_PHASE_STRIP = NO;
				DEBUG_INFORMATION_FORMAT = "dwarf-with-dsym";
				ENABLE_NS_ASSERTIONS = NO;
				ENABLE_STRICT_OBJC_MSGSEND = YES;
				ENABLE_USER_SCRIPT_SANDBOXING = YES;
				GCC_C_LANGUAGE_STANDARD = gnu17;
				GCC_NO_COMMON_BLOCKS = YES;
				GCC_WARN_64_TO_32_BIT_CONVERSION = YES;
				GCC_WARN_ABOUT_RETURN_TYPE = YES_ERROR;
				GCC_WARN_UNDECLARED_SELECTOR = YES;
				GCC_WARN_UNINITIALIZED_AUTOS = YES_AGGRESSIVE;
				GCC_WARN_UNUSED_FUNCTION = YES;
				GCC_WARN_UNUSED_VARIABLE = YES;
				IPHONEOS_DEPLOYMENT_TARGET = 18.0;
				LOCALIZATION_PREFERS_STRING_CATALOGS = YES;
				MTL_ENABLE_DEBUG_INFO = NO;
				MTL_FAST_MATH = YES;
				SDKROOT = iphoneos;
				SWIFT_COMPILATION_MODE = wholemodule;
				VALIDATE_PRODUCT = YES;
			};
			name = Release;
		};
		186251C92CA9B82E00E63121 /* Debug */ = {
			isa = XCBuildConfiguration;
			buildSettings = {
				ASSETCATALOG_COMPILER_APPICON_NAME = AppIcon;
				ASSETCATALOG_COMPILER_GLOBAL_ACCENT_COLOR_NAME = AccentColor;
				CODE_SIGN_STYLE = Automatic;
				CURRENT_PROJECT_VERSION = 1;
				DEVELOPMENT_ASSET_PATHS = "\"AahaCMS/Preview Content\"";
				DEVELOPMENT_TEAM = C7RX29D33F;
				ENABLE_PREVIEWS = YES;
				GENERATE_INFOPLIST_FILE = YES;
				INFOPLIST_KEY_UIApplicationSceneManifest_Generation = YES;
				INFOPLIST_KEY_UIApplicationSupportsIndirectInputEvents = YES;
				INFOPLIST_KEY_UILaunchScreen_Generation = YES;
				INFOPLIST_KEY_UISupportedInterfaceOrientations_iPad = "UIInterfaceOrientationPortrait UIInterfaceOrientationPortraitUpsideDown UIInterfaceOrientationLandscapeLeft UIInterfaceOrientationLandscapeRight";
				INFOPLIST_KEY_UISupportedInterfaceOrientations_iPhone = "UIInterfaceOrientationPortrait UIInterfaceOrientationLandscapeLeft UIInterfaceOrientationLandscapeRight";
				LD_RUNPATH_SEARCH_PATHS = (
					"$(inherited)",
					"@executable_path/Frameworks",
				);
				MARKETING_VERSION = 1.0;
				PRODUCT_BUNDLE_IDENTIFIER = rujin.AahaCMS;
				PRODUCT_NAME = "$(TARGET_NAME)";
				SWIFT_EMIT_LOC_STRINGS = YES;
				SWIFT_VERSION = 5.0;
				TARGETED_DEVICE_FAMILY = "1,2";
			};
			name = Debug;
		};
		186251CA2CA9B82E00E63121 /* Release */ = {
			isa = XCBuildConfiguration;
			buildSettings = {
				ASSETCATALOG_COMPILER_APPICON_NAME = AppIcon;
				ASSETCATALOG_COMPILER_GLOBAL_ACCENT_COLOR_NAME = AccentColor;
				CODE_SIGN_STYLE = Automatic;
				CURRENT_PROJECT_VERSION = 1;
				DEVELOPMENT_ASSET_PATHS = "\"AahaCMS/Preview Content\"";
				DEVELOPMENT_TEAM = C7RX29D33F;
				ENABLE_PREVIEWS = YES;
				GENERATE_INFOPLIST_FILE = YES;
				INFOPLIST_KEY_UIApplicationSceneManifest_Generation = YES;
				INFOPLIST_KEY_UIApplicationSupportsIndirectInputEvents = YES;
				INFOPLIST_KEY_UILaunchScreen_Generation = YES;
				INFOPLIST_KEY_UISupportedInterfaceOrientations_iPad = "UIInterfaceOrientationPortrait UIInterfaceOrientationPortraitUpsideDown UIInterfaceOrientationLandscapeLeft UIInterfaceOrientationLandscapeRight";
				INFOPLIST_KEY_UISupportedInterfaceOrientations_iPhone = "UIInterfaceOrientationPortrait UIInterfaceOrientationLandscapeLeft UIInterfaceOrientationLandscapeRight";
				LD_RUNPATH_SEARCH_PATHS = (
					"$(inherited)",
					"@executable_path/Frameworks",
				);
				MARKETING_VERSION = 1.0;
				PRODUCT_BUNDLE_IDENTIFIER = rujin.AahaCMS;
				PRODUCT_NAME = "$(TARGET_NAME)";
				SWIFT_EMIT_LOC_STRINGS = YES;
				SWIFT_VERSION = 5.0;
				TARGETED_DEVICE_FAMILY = "1,2";
			};
			name = Release;
		};
		186251CC2CA9B82E00E63121 /* Debug */ = {
			isa = XCBuildConfiguration;
			buildSettings = {
				BUNDLE_LOADER = "$(TEST_HOST)";
				CODE_SIGN_STYLE = Automatic;
				CURRENT_PROJECT_VERSION = 1;
				DEVELOPMENT_TEAM = C7RX29D33F;
				GENERATE_INFOPLIST_FILE = YES;
				IPHONEOS_DEPLOYMENT_TARGET = 18.0;
				MARKETING_VERSION = 1.0;
				PRODUCT_BUNDLE_IDENTIFIER = rujin.AahaCMSTests;
				PRODUCT_NAME = "$(TARGET_NAME)";
				SWIFT_EMIT_LOC_STRINGS = NO;
				SWIFT_VERSION = 5.0;
				TARGETED_DEVICE_FAMILY = "1,2";
				TEST_HOST = "$(BUILT_PRODUCTS_DIR)/AahaCMS.app/$(BUNDLE_EXECUTABLE_FOLDER_PATH)/AahaCMS";
			};
			name = Debug;
		};
		186251CD2CA9B82E00E63121 /* Release */ = {
			isa = XCBuildConfiguration;
			buildSettings = {
				BUNDLE_LOADER = "$(TEST_HOST)";
				CODE_SIGN_STYLE = Automatic;
				CURRENT_PROJECT_VERSION = 1;
				DEVELOPMENT_TEAM = C7RX29D33F;
				GENERATE_INFOPLIST_FILE = YES;
				IPHONEOS_DEPLOYMENT_TARGET = 18.0;
				MARKETING_VERSION = 1.0;
				PRODUCT_BUNDLE_IDENTIFIER = rujin.AahaCMSTests;
				PRODUCT_NAME = "$(TARGET_NAME)";
				SWIFT_EMIT_LOC_STRINGS = NO;
				SWIFT_VERSION = 5.0;
				TARGETED_DEVICE_FAMILY = "1,2";
				TEST_HOST = "$(BUILT_PRODUCTS_DIR)/AahaCMS.app/$(BUNDLE_EXECUTABLE_FOLDER_PATH)/AahaCMS";
			};
			name = Release;
		};
		186251CF2CA9B82E00E63121 /* Debug */ = {
			isa = XCBuildConfiguration;
			buildSettings = {
				CODE_SIGN_STYLE = Automatic;
				CURRENT_PROJECT_VERSION = 1;
				DEVELOPMENT_TEAM = C7RX29D33F;
				GENERATE_INFOPLIST_FILE = YES;
				MARKETING_VERSION = 1.0;
				PRODUCT_BUNDLE_IDENTIFIER = rujin.AahaCMSUITests;
				PRODUCT_NAME = "$(TARGET_NAME)";
				SWIFT_EMIT_LOC_STRINGS = NO;
				SWIFT_VERSION = 5.0;
				TARGETED_DEVICE_FAMILY = "1,2";
				TEST_TARGET_NAME = AahaCMS;
			};
			name = Debug;
		};
		186251D02CA9B82E00E63121 /* Release */ = {
			isa = XCBuildConfiguration;
			buildSettings = {
				CODE_SIGN_STYLE = Automatic;
				CURRENT_PROJECT_VERSION = 1;
				DEVELOPMENT_TEAM = C7RX29D33F;
				GENERATE_INFOPLIST_FILE = YES;
				MARKETING_VERSION = 1.0;
				PRODUCT_BUNDLE_IDENTIFIER = rujin.AahaCMSUITests;
				PRODUCT_NAME = "$(TARGET_NAME)";
				SWIFT_EMIT_LOC_STRINGS = NO;
				SWIFT_VERSION = 5.0;
				TARGETED_DEVICE_FAMILY = "1,2";
				TEST_TARGET_NAME = AahaCMS;
			};
			name = Release;
		};
/* End XCBuildConfiguration section */

/* Begin XCConfigurationList section */
		1862519F2CA9B82C00E63121 /* Build configuration list for PBXProject "AahaCMS" */ = {
			isa = XCConfigurationList;
			buildConfigurations = (
				186251C62CA9B82E00E63121 /* Debug */,
				186251C72CA9B82E00E63121 /* Release */,
			);
			defaultConfigurationIsVisible = 0;
			defaultConfigurationName = Release;
		};
		186251C82CA9B82E00E63121 /* Build configuration list for PBXNativeTarget "AahaCMS" */ = {
			isa = XCConfigurationList;
			buildConfigurations = (
				186251C92CA9B82E00E63121 /* Debug */,
				186251CA2CA9B82E00E63121 /* Release */,
			);
			defaultConfigurationIsVisible = 0;
			defaultConfigurationName = Release;
		};
		186251CB2CA9B82E00E63121 /* Build configuration list for PBXNativeTarget "AahaCMSTests" */ = {
			isa = XCConfigurationList;
			buildConfigurations = (
				186251CC2CA9B82E00E63121 /* Debug */,
				186251CD2CA9B82E00E63121 /* Release */,
			);
			defaultConfigurationIsVisible = 0;
			defaultConfigurationName = Release;
		};
		186251CE2CA9B82E00E63121 /* Build configuration list for PBXNativeTarget "AahaCMSUITests" */ = {
			isa = XCConfigurationList;
			buildConfigurations = (
				186251CF2CA9B82E00E63121 /* Debug */,
				186251D02CA9B82E00E63121 /* Release */,
			);
			defaultConfigurationIsVisible = 0;
			defaultConfigurationName = Release;
		};
/* End XCConfigurationList section */
	};
	rootObject = 1862519C2CA9B82C00E63121 /* Project object */;
}
